// !$*UTF8*$!
{
	archiveVersion = 1;
	classes = {
	};
	objectVersion = 56;
	objects = {

/* Begin PBXBuildFile section */
		E593932F2AAD516700DA6AD5 /* GroceryGuardApp.swift in Sources */ = {isa = PBXBuildFile; fileRef = E593932E2AAD516700DA6AD5 /* GroceryGuardApp.swift */; };
		E59393312AAD516700DA6AD5 /* ContentView.swift in Sources */ = {isa = PBXBuildFile; fileRef = E59393302AAD516700DA6AD5 /* ContentView.swift */; };
		E59393332AAD516800DA6AD5 /* Assets.xcassets in Resources */ = {isa = PBXBuildFile; fileRef = E59393322AAD516800DA6AD5 /* Assets.xcassets */; };
		E59393372AAD516800DA6AD5 /* Preview Assets.xcassets in Resources */ = {isa = PBXBuildFile; fileRef = E59393362AAD516800DA6AD5 /* Preview Assets.xcassets */; };
		E59393412AAD516800DA6AD5 /* GroceryGuardTests.swift in Sources */ = {isa = PBXBuildFile; fileRef = E59393402AAD516800DA6AD5 /* GroceryGuardTests.swift */; };
		E593934B2AAD516800DA6AD5 /* GroceryGuardUITests.swift in Sources */ = {isa = PBXBuildFile; fileRef = E593934A2AAD516800DA6AD5 /* GroceryGuardUITests.swift */; };
		E593934D2AAD516800DA6AD5 /* GroceryGuardUITestsLaunchTests.swift in Sources */ = {isa = PBXBuildFile; fileRef = E593934C2AAD516800DA6AD5 /* GroceryGuardUITestsLaunchTests.swift */; };
/* End PBXBuildFile section */

/* Begin PBXContainerItemProxy section */
		E593933D2AAD516800DA6AD5 /* PBXContainerItemProxy */ = {
			isa = PBXContainerItemProxy;
			containerPortal = E59393232AAD516700DA6AD5 /* Project object */;
			proxyType = 1;
			remoteGlobalIDString = E593932A2AAD516700DA6AD5;
			remoteInfo = GroceryGuard;
		};
		E59393472AAD516800DA6AD5 /* PBXContainerItemProxy */ = {
			isa = PBXContainerItemProxy;
			containerPortal = E59393232AAD516700DA6AD5 /* Project object */;
			proxyType = 1;
			remoteGlobalIDString = E593932A2AAD516700DA6AD5;
			remoteInfo = GroceryGuard;
		};
/* End PBXContainerItemProxy section */

/* Begin PBXFileReference section */
		E593932B2AAD516700DA6AD5 /* GroceryGuard.app */ = {isa = PBXFileReference; explicitFileType = wrapper.application; includeInIndex = 0; path = GroceryGuard.app; sourceTree = BUILT_PRODUCTS_DIR; };
		E593932E2AAD516700DA6AD5 /* GroceryGuardApp.swift */ = {isa = PBXFileReference; lastKnownFileType = sourcecode.swift; path = GroceryGuardApp.swift; sourceTree = "<group>"; };
		E59393302AAD516700DA6AD5 /* ContentView.swift */ = {isa = PBXFileReference; lastKnownFileType = sourcecode.swift; path = ContentView.swift; sourceTree = "<group>"; };
		E59393322AAD516800DA6AD5 /* Assets.xcassets */ = {isa = PBXFileReference; lastKnownFileType = folder.assetcatalog; path = Assets.xcassets; sourceTree = "<group>"; };
		E59393342AAD516800DA6AD5 /* GroceryGuard.entitlements */ = {isa = PBXFileReference; lastKnownFileType = text.plist.entitlements; path = GroceryGuard.entitlements; sourceTree = "<group>"; };
		E59393362AAD516800DA6AD5 /* Preview Assets.xcassets */ = {isa = PBXFileReference; lastKnownFileType = folder.assetcatalog; path = "Preview Assets.xcassets"; sourceTree = "<group>"; };
		E593933C2AAD516800DA6AD5 /* GroceryGuardTests.xctest */ = {isa = PBXFileReference; explicitFileType = wrapper.cfbundle; includeInIndex = 0; path = GroceryGuardTests.xctest; sourceTree = BUILT_PRODUCTS_DIR; };
		E59393402AAD516800DA6AD5 /* GroceryGuardTests.swift */ = {isa = PBXFileReference; lastKnownFileType = sourcecode.swift; path = GroceryGuardTests.swift; sourceTree = "<group>"; };
		E59393462AAD516800DA6AD5 /* GroceryGuardUITests.xctest */ = {isa = PBXFileReference; explicitFileType = wrapper.cfbundle; includeInIndex = 0; path = GroceryGuardUITests.xctest; sourceTree = BUILT_PRODUCTS_DIR; };
		E593934A2AAD516800DA6AD5 /* GroceryGuardUITests.swift */ = {isa = PBXFileReference; lastKnownFileType = sourcecode.swift; path = GroceryGuardUITests.swift; sourceTree = "<group>"; };
		E593934C2AAD516800DA6AD5 /* GroceryGuardUITestsLaunchTests.swift */ = {isa = PBXFileReference; lastKnownFileType = sourcecode.swift; path = GroceryGuardUITestsLaunchTests.swift; sourceTree = "<group>"; };
/* End PBXFileReference section */

/* Begin PBXFrameworksBuildPhase section */
		E59393282AAD516700DA6AD5 /* Frameworks */ = {
			isa = PBXFrameworksBuildPhase;
			buildActionMask = 2147483647;
			files = (
			);
			runOnlyForDeploymentPostprocessing = 0;
		};
		E59393392AAD516800DA6AD5 /* Frameworks */ = {
			isa = PBXFrameworksBuildPhase;
			buildActionMask = 2147483647;
			files = (
			);
			runOnlyForDeploymentPostprocessing = 0;
		};
		E59393432AAD516800DA6AD5 /* Frameworks */ = {
			isa = PBXFrameworksBuildPhase;
			buildActionMask = 2147483647;
			files = (
			);
			runOnlyForDeploymentPostprocessing = 0;
		};
/* End PBXFrameworksBuildPhase section */

/* Begin PBXGroup section */
		E59393222AAD516700DA6AD5 = {
			isa = PBXGroup;
			children = (
				E593932D2AAD516700DA6AD5 /* GroceryGuard */,
				E593933F2AAD516800DA6AD5 /* GroceryGuardTests */,
				E59393492AAD516800DA6AD5 /* GroceryGuardUITests */,
				E593932C2AAD516700DA6AD5 /* Products */,
			);
			sourceTree = "<group>";
		};
		E593932C2AAD516700DA6AD5 /* Products */ = {
			isa = PBXGroup;
			children = (
				E593932B2AAD516700DA6AD5 /* GroceryGuard.app */,
				E593933C2AAD516800DA6AD5 /* GroceryGuardTests.xctest */,
				E59393462AAD516800DA6AD5 /* GroceryGuardUITests.xctest */,
			);
			name = Products;
			sourceTree = "<group>";
		};
		E593932D2AAD516700DA6AD5 /* GroceryGuard */ = {
			isa = PBXGroup;
			children = (
				E593932E2AAD516700DA6AD5 /* GroceryGuardApp.swift */,
				E59393302AAD516700DA6AD5 /* ContentView.swift */,
				E59393322AAD516800DA6AD5 /* Assets.xcassets */,
				E59393342AAD516800DA6AD5 /* GroceryGuard.entitlements */,
				E59393352AAD516800DA6AD5 /* Preview Content */,
			);
			path = GroceryGuard;
			sourceTree = "<group>";
		};
		E59393352AAD516800DA6AD5 /* Preview Content */ = {
			isa = PBXGroup;
			children = (
				E59393362AAD516800DA6AD5 /* Preview Assets.xcassets */,
			);
			path = "Preview Content";
			sourceTree = "<group>";
		};
		E593933F2AAD516800DA6AD5 /* GroceryGuardTests */ = {
			isa = PBXGroup;
			children = (
				E59393402AAD516800DA6AD5 /* GroceryGuardTests.swift */,
			);
			path = GroceryGuardTests;
			sourceTree = "<group>";
		};
		E59393492AAD516800DA6AD5 /* GroceryGuardUITests */ = {
			isa = PBXGroup;
			children = (
				E593934A2AAD516800DA6AD5 /* GroceryGuardUITests.swift */,
				E593934C2AAD516800DA6AD5 /* GroceryGuardUITestsLaunchTests.swift */,
			);
			path = GroceryGuardUITests;
			sourceTree = "<group>";
		};
/* End PBXGroup section */

/* Begin PBXNativeTarget section */
		E593932A2AAD516700DA6AD5 /* GroceryGuard */ = {
			isa = PBXNativeTarget;
			buildConfigurationList = E59393502AAD516800DA6AD5 /* Build configuration list for PBXNativeTarget "GroceryGuard" */;
			buildPhases = (
				E59393272AAD516700DA6AD5 /* Sources */,
				E59393282AAD516700DA6AD5 /* Frameworks */,
				E59393292AAD516700DA6AD5 /* Resources */,
			);
			buildRules = (
			);
			dependencies = (
			);
			name = GroceryGuard;
			productName = GroceryGuard;
			productReference = E593932B2AAD516700DA6AD5 /* GroceryGuard.app */;
			productType = "com.apple.product-type.application";
		};
		E593933B2AAD516800DA6AD5 /* GroceryGuardTests */ = {
			isa = PBXNativeTarget;
			buildConfigurationList = E59393532AAD516800DA6AD5 /* Build configuration list for PBXNativeTarget "GroceryGuardTests" */;
			buildPhases = (
				E59393382AAD516800DA6AD5 /* Sources */,
				E59393392AAD516800DA6AD5 /* Frameworks */,
				E593933A2AAD516800DA6AD5 /* Resources */,
			);
			buildRules = (
			);
			dependencies = (
				E593933E2AAD516800DA6AD5 /* PBXTargetDependency */,
			);
			name = GroceryGuardTests;
			productName = GroceryGuardTests;
			productReference = E593933C2AAD516800DA6AD5 /* GroceryGuardTests.xctest */;
			productType = "com.apple.product-type.bundle.unit-test";
		};
		E59393452AAD516800DA6AD5 /* GroceryGuardUITests */ = {
			isa = PBXNativeTarget;
			buildConfigurationList = E59393562AAD516800DA6AD5 /* Build configuration list for PBXNativeTarget "GroceryGuardUITests" */;
			buildPhases = (
				E59393422AAD516800DA6AD5 /* Sources */,
				E59393432AAD516800DA6AD5 /* Frameworks */,
				E59393442AAD516800DA6AD5 /* Resources */,
			);
			buildRules = (
			);
			dependencies = (
				E59393482AAD516800DA6AD5 /* PBXTargetDependency */,
			);
			name = GroceryGuardUITests;
			productName = GroceryGuardUITests;
			productReference = E59393462AAD516800DA6AD5 /* GroceryGuardUITests.xctest */;
			productType = "com.apple.product-type.bundle.ui-testing";
		};
/* End PBXNativeTarget section */

/* Begin PBXProject section */
		E59393232AAD516700DA6AD5 /* Project object */ = {
			isa = PBXProject;
			attributes = {
				BuildIndependentTargetsInParallel = 1;
				LastSwiftUpdateCheck = 1430;
				LastUpgradeCheck = 1430;
				TargetAttributes = {
					E593932A2AAD516700DA6AD5 = {
						CreatedOnToolsVersion = 14.3.1;
					};
					E593933B2AAD516800DA6AD5 = {
						CreatedOnToolsVersion = 14.3.1;
						TestTargetID = E593932A2AAD516700DA6AD5;
					};
					E59393452AAD516800DA6AD5 = {
						CreatedOnToolsVersion = 14.3.1;
						TestTargetID = E593932A2AAD516700DA6AD5;
					};
				};
			};
			buildConfigurationList = E59393262AAD516700DA6AD5 /* Build configuration list for PBXProject "GroceryGuard" */;
			compatibilityVersion = "Xcode 14.0";
			developmentRegion = en;
			hasScannedForEncodings = 0;
			knownRegions = (
				en,
				Base,
			);
			mainGroup = E59393222AAD516700DA6AD5;
			productRefGroup = E593932C2AAD516700DA6AD5 /* Products */;
			projectDirPath = "";
			projectRoot = "";
			targets = (
				E593932A2AAD516700DA6AD5 /* GroceryGuard */,
				E593933B2AAD516800DA6AD5 /* GroceryGuardTests */,
				E59393452AAD516800DA6AD5 /* GroceryGuardUITests */,
			);
		};
/* End PBXProject section */

/* Begin PBXResourcesBuildPhase section */
		E59393292AAD516700DA6AD5 /* Resources */ = {
			isa = PBXResourcesBuildPhase;
			buildActionMask = 2147483647;
			files = (
				E59393372AAD516800DA6AD5 /* Preview Assets.xcassets in Resources */,
				E59393332AAD516800DA6AD5 /* Assets.xcassets in Resources */,
			);
			runOnlyForDeploymentPostprocessing = 0;
		};
		E593933A2AAD516800DA6AD5 /* Resources */ = {
			isa = PBXResourcesBuildPhase;
			buildActionMask = 2147483647;
			files = (
			);
			runOnlyForDeploymentPostprocessing = 0;
		};
		E59393442AAD516800DA6AD5 /* Resources */ = {
			isa = PBXResourcesBuildPhase;
			buildActionMask = 2147483647;
			files = (
			);
			runOnlyForDeploymentPostprocessing = 0;
		};
/* End PBXResourcesBuildPhase section */

/* Begin PBXSourcesBuildPhase section */
		E59393272AAD516700DA6AD5 /* Sources */ = {
			isa = PBXSourcesBuildPhase;
			buildActionMask = 2147483647;
			files = (
				E59393312AAD516700DA6AD5 /* ContentView.swift in Sources */,
				E593932F2AAD516700DA6AD5 /* GroceryGuardApp.swift in Sources */,
			);
			runOnlyForDeploymentPostprocessing = 0;
		};
		E59393382AAD516800DA6AD5 /* Sources */ = {
			isa = PBXSourcesBuildPhase;
			buildActionMask = 2147483647;
			files = (
				E59393412AAD516800DA6AD5 /* GroceryGuardTests.swift in Sources */,
			);
			runOnlyForDeploymentPostprocessing = 0;
		};
		E59393422AAD516800DA6AD5 /* Sources */ = {
			isa = PBXSourcesBuildPhase;
			buildActionMask = 2147483647;
			files = (
				E593934D2AAD516800DA6AD5 /* GroceryGuardUITestsLaunchTests.swift in Sources */,
				E593934B2AAD516800DA6AD5 /* GroceryGuardUITests.swift in Sources */,
			);
			runOnlyForDeploymentPostprocessing = 0;
		};
/* End PBXSourcesBuildPhase section */

/* Begin PBXTargetDependency section */
		E593933E2AAD516800DA6AD5 /* PBXTargetDependency */ = {
			isa = PBXTargetDependency;
			target = E593932A2AAD516700DA6AD5 /* GroceryGuard */;
			targetProxy = E593933D2AAD516800DA6AD5 /* PBXContainerItemProxy */;
		};
		E59393482AAD516800DA6AD5 /* PBXTargetDependency */ = {
			isa = PBXTargetDependency;
			target = E593932A2AAD516700DA6AD5 /* GroceryGuard */;
			targetProxy = E59393472AAD516800DA6AD5 /* PBXContainerItemProxy */;
		};
/* End PBXTargetDependency section */

/* Begin XCBuildConfiguration section */
		E593934E2AAD516800DA6AD5 /* Debug */ = {
			isa = XCBuildConfiguration;
			buildSettings = {
				ALWAYS_SEARCH_USER_PATHS = NO;
				CLANG_ANALYZER_NONNULL = YES;
				CLANG_ANALYZER_NUMBER_OBJECT_CONVERSION = YES_AGGRESSIVE;
				CLANG_CXX_LANGUAGE_STANDARD = "gnu++20";
				CLANG_ENABLE_MODULES = YES;
				CLANG_ENABLE_OBJC_ARC = YES;
				CLANG_ENABLE_OBJC_WEAK = YES;
				CLANG_WARN_BLOCK_CAPTURE_AUTORELEASING = YES;
				CLANG_WARN_BOOL_CONVERSION = YES;
				CLANG_WARN_COMMA = YES;
				CLANG_WARN_CONSTANT_CONVERSION = YES;
				CLANG_WARN_DEPRECATED_OBJC_IMPLEMENTATIONS = YES;
				CLANG_WARN_DIRECT_OBJC_ISA_USAGE = YES_ERROR;
				CLANG_WARN_DOCUMENTATION_COMMENTS = YES;
				CLANG_WARN_EMPTY_BODY = YES;
				CLANG_WARN_ENUM_CONVERSION = YES;
				CLANG_WARN_INFINITE_RECURSION = YES;
				CLANG_WARN_INT_CONVERSION = YES;
				CLANG_WARN_NON_LITERAL_NULL_CONVERSION = YES;
				CLANG_WARN_OBJC_IMPLICIT_RETAIN_SELF = YES;
				CLANG_WARN_OBJC_LITERAL_CONVERSION = YES;
				CLANG_WARN_OBJC_ROOT_CLASS = YES_ERROR;
				CLANG_WARN_QUOTED_INCLUDE_IN_FRAMEWORK_HEADER = YES;
				CLANG_WARN_RANGE_LOOP_ANALYSIS = YES;
				CLANG_WARN_STRICT_PROTOTYPES = YES;
				CLANG_WARN_SUSPICIOUS_MOVE = YES;
				CLANG_WARN_UNGUARDED_AVAILABILITY = YES_AGGRESSIVE;
				CLANG_WARN_UNREACHABLE_CODE = YES;
				CLANG_WARN__DUPLICATE_METHOD_MATCH = YES;
				COPY_PHASE_STRIP = NO;
				DEBUG_INFORMATION_FORMAT = dwarf;
				ENABLE_STRICT_OBJC_MSGSEND = YES;
				ENABLE_TESTABILITY = YES;
				GCC_C_LANGUAGE_STANDARD = gnu11;
				GCC_DYNAMIC_NO_PIC = NO;
				GCC_NO_COMMON_BLOCKS = YES;
				GCC_OPTIMIZATION_LEVEL = 0;
				GCC_PREPROCESSOR_DEFINITIONS = (
					"DEBUG=1",
					"$(inherited)",
				);
				GCC_WARN_64_TO_32_BIT_CONVERSION = YES;
				GCC_WARN_ABOUT_RETURN_TYPE = YES_ERROR;
				GCC_WARN_UNDECLARED_SELECTOR = YES;
				GCC_WARN_UNINITIALIZED_AUTOS = YES_AGGRESSIVE;
				GCC_WARN_UNUSED_FUNCTION = YES;
				GCC_WARN_UNUSED_VARIABLE = YES;
				MTL_ENABLE_DEBUG_INFO = INCLUDE_SOURCE;
				MTL_FAST_MATH = YES;
				ONLY_ACTIVE_ARCH = YES;
				SWIFT_ACTIVE_COMPILATION_CONDITIONS = DEBUG;
				SWIFT_OPTIMIZATION_LEVEL = "-Onone";
			};
			name = Debug;
		};
		E593934F2AAD516800DA6AD5 /* Release */ = {
			isa = XCBuildConfiguration;
			buildSettings = {
				ALWAYS_SEARCH_USER_PATHS = NO;
				CLANG_ANALYZER_NONNULL = YES;
				CLANG_ANALYZER_NUMBER_OBJECT_CONVERSION = YES_AGGRESSIVE;
				CLANG_CXX_LANGUAGE_STANDARD = "gnu++20";
				CLANG_ENABLE_MODULES = YES;
				CLANG_ENABLE_OBJC_ARC = YES;
				CLANG_ENABLE_OBJC_WEAK = YES;
				CLANG_WARN_BLOCK_CAPTURE_AUTORELEASING = YES;
				CLANG_WARN_BOOL_CONVERSION = YES;
				CLANG_WARN_COMMA = YES;
				CLANG_WARN_CONSTANT_CONVERSION = YES;
				CLANG_WARN_DEPRECATED_OBJC_IMPLEMENTATIONS = YES;
				CLANG_WARN_DIRECT_OBJC_ISA_USAGE = YES_ERROR;
				CLANG_WARN_DOCUMENTATION_COMMENTS = YES;
				CLANG_WARN_EMPTY_BODY = YES;
				CLANG_WARN_ENUM_CONVERSION = YES;
				CLANG_WARN_INFINITE_RECURSION = YES;
				CLANG_WARN_INT_CONVERSION = YES;
				CLANG_WARN_NON_LITERAL_NULL_CONVERSION = YES;
				CLANG_WARN_OBJC_IMPLICIT_RETAIN_SELF = YES;
				CLANG_WARN_OBJC_LITERAL_CONVERSION = YES;
				CLANG_WARN_OBJC_ROOT_CLASS = YES_ERROR;
				CLANG_WARN_QUOTED_INCLUDE_IN_FRAMEWORK_HEADER = YES;
				CLANG_WARN_RANGE_LOOP_ANALYSIS = YES;
				CLANG_WARN_STRICT_PROTOTYPES = YES;
				CLANG_WARN_SUSPICIOUS_MOVE = YES;
				CLANG_WARN_UNGUARDED_AVAILABILITY = YES_AGGRESSIVE;
				CLANG_WARN_UNREACHABLE_CODE = YES;
				CLANG_WARN__DUPLICATE_METHOD_MATCH = YES;
				COPY_PHASE_STRIP = NO;
				DEBUG_INFORMATION_FORMAT = "dwarf-with-dsym";
				ENABLE_NS_ASSERTIONS = NO;
				ENABLE_STRICT_OBJC_MSGSEND = YES;
				GCC_C_LANGUAGE_STANDARD = gnu11;
				GCC_NO_COMMON_BLOCKS = YES;
				GCC_WARN_64_TO_32_BIT_CONVERSION = YES;
				GCC_WARN_ABOUT_RETURN_TYPE = YES_ERROR;
				GCC_WARN_UNDECLARED_SELECTOR = YES;
				GCC_WARN_UNINITIALIZED_AUTOS = YES_AGGRESSIVE;
				GCC_WARN_UNUSED_FUNCTION = YES;
				GCC_WARN_UNUSED_VARIABLE = YES;
				MTL_ENABLE_DEBUG_INFO = NO;
				MTL_FAST_MATH = YES;
				SWIFT_COMPILATION_MODE = wholemodule;
				SWIFT_OPTIMIZATION_LEVEL = "-O";
			};
			name = Release;
		};
		E59393512AAD516800DA6AD5 /* Debug */ = {
			isa = XCBuildConfiguration;
			buildSettings = {
				ASSETCATALOG_COMPILER_APPICON_NAME = AppIcon;
				ASSETCATALOG_COMPILER_GLOBAL_ACCENT_COLOR_NAME = AccentColor;
				CODE_SIGN_ENTITLEMENTS = GroceryGuard/GroceryGuard.entitlements;
				CODE_SIGN_STYLE = Automatic;
				CURRENT_PROJECT_VERSION = 1;
				DEVELOPMENT_ASSET_PATHS = "\"GroceryGuard/Preview Content\"";
				ENABLE_PREVIEWS = YES;
				GENERATE_INFOPLIST_FILE = YES;
				INFOPLIST_KEY_CFBundleDisplayName = GroceryGuard;
				INFOPLIST_KEY_LSApplicationCategoryType = "public.app-category.lifestyle";
				"INFOPLIST_KEY_UIApplicationSceneManifest_Generation[sdk=iphoneos*]" = YES;
				"INFOPLIST_KEY_UIApplicationSceneManifest_Generation[sdk=iphonesimulator*]" = YES;
				"INFOPLIST_KEY_UIApplicationSupportsIndirectInputEvents[sdk=iphoneos*]" = YES;
				"INFOPLIST_KEY_UIApplicationSupportsIndirectInputEvents[sdk=iphonesimulator*]" = YES;
				"INFOPLIST_KEY_UILaunchScreen_Generation[sdk=iphoneos*]" = YES;
				"INFOPLIST_KEY_UILaunchScreen_Generation[sdk=iphonesimulator*]" = YES;
				INFOPLIST_KEY_UIStatusBarStyle = "";
				"INFOPLIST_KEY_UIStatusBarStyle[sdk=iphoneos*]" = UIStatusBarStyleDefault;
				"INFOPLIST_KEY_UIStatusBarStyle[sdk=iphonesimulator*]" = UIStatusBarStyleDefault;
				INFOPLIST_KEY_UISupportedInterfaceOrientations = UIInterfaceOrientationPortrait;
				INFOPLIST_KEY_UISupportedInterfaceOrientations_iPad = "UIInterfaceOrientationLandscapeLeft UIInterfaceOrientationLandscapeRight UIInterfaceOrientationPortrait UIInterfaceOrientationPortraitUpsideDown";
				IPHONEOS_DEPLOYMENT_TARGET = 16.0;
				LD_RUNPATH_SEARCH_PATHS = "@executable_path/Frameworks";
				"LD_RUNPATH_SEARCH_PATHS[sdk=macosx*]" = "@executable_path/../Frameworks";
				MACOSX_DEPLOYMENT_TARGET = 13.3;
				MARKETING_VERSION = 1.0;
				PRODUCT_BUNDLE_IDENTIFIER = Lagu.GroceryGuard;
				PRODUCT_NAME = "$(TARGET_NAME)";
				SDKROOT = auto;
				SUPPORTED_PLATFORMS = "iphoneos iphonesimulator";
				SUPPORTS_MACCATALYST = NO;
				SUPPORTS_MAC_DESIGNED_FOR_IPHONE_IPAD = NO;
				SWIFT_EMIT_LOC_STRINGS = YES;
				SWIFT_VERSION = 5.0;
				TARGETED_DEVICE_FAMILY = 1;
			};
			name = Debug;
		};
		E59393522AAD516800DA6AD5 /* Release */ = {
			isa = XCBuildConfiguration;
			buildSettings = {
				ASSETCATALOG_COMPILER_APPICON_NAME = AppIcon;
				ASSETCATALOG_COMPILER_GLOBAL_ACCENT_COLOR_NAME = AccentColor;
				CODE_SIGN_ENTITLEMENTS = GroceryGuard/GroceryGuard.entitlements;
				CODE_SIGN_STYLE = Automatic;
				CURRENT_PROJECT_VERSION = 1;
				DEVELOPMENT_ASSET_PATHS = "\"GroceryGuard/Preview Content\"";
				ENABLE_PREVIEWS = YES;
				GENERATE_INFOPLIST_FILE = YES;
				INFOPLIST_KEY_CFBundleDisplayName = GroceryGuard;
				INFOPLIST_KEY_LSApplicationCategoryType = "public.app-category.lifestyle";
				"INFOPLIST_KEY_UIApplicationSceneManifest_Generation[sdk=iphoneos*]" = YES;
				"INFOPLIST_KEY_UIApplicationSceneManifest_Generation[sdk=iphonesimulator*]" = YES;
				"INFOPLIST_KEY_UIApplicationSupportsIndirectInputEvents[sdk=iphoneos*]" = YES;
				"INFOPLIST_KEY_UIApplicationSupportsIndirectInputEvents[sdk=iphonesimulator*]" = YES;
				"INFOPLIST_KEY_UILaunchScreen_Generation[sdk=iphoneos*]" = YES;
				"INFOPLIST_KEY_UILaunchScreen_Generation[sdk=iphonesimulator*]" = YES;
				INFOPLIST_KEY_UIStatusBarStyle = "";
				"INFOPLIST_KEY_UIStatusBarStyle[sdk=iphoneos*]" = UIStatusBarStyleDefault;
				"INFOPLIST_KEY_UIStatusBarStyle[sdk=iphonesimulator*]" = UIStatusBarStyleDefault;
				INFOPLIST_KEY_UISupportedInterfaceOrientations = UIInterfaceOrientationPortrait;
				INFOPLIST_KEY_UISupportedInterfaceOrientations_iPad = "UIInterfaceOrientationLandscapeLeft UIInterfaceOrientationLandscapeRight UIInterfaceOrientationPortrait UIInterfaceOrientationPortraitUpsideDown";
				IPHONEOS_DEPLOYMENT_TARGET = 16.0;
				LD_RUNPATH_SEARCH_PATHS = "@executable_path/Frameworks";
				"LD_RUNPATH_SEARCH_PATHS[sdk=macosx*]" = "@executable_path/../Frameworks";
				MACOSX_DEPLOYMENT_TARGET = 13.3;
				MARKETING_VERSION = 1.0;
				PRODUCT_BUNDLE_IDENTIFIER = Lagu.GroceryGuard;
				PRODUCT_NAME = "$(TARGET_NAME)";
				SDKROOT = auto;
				SUPPORTED_PLATFORMS = "iphoneos iphonesimulator";
				SUPPORTS_MACCATALYST = NO;
				SUPPORTS_MAC_DESIGNED_FOR_IPHONE_IPAD = NO;
				SWIFT_EMIT_LOC_STRINGS = YES;
				SWIFT_VERSION = 5.0;
				TARGETED_DEVICE_FAMILY = 1;
			};
			name = Release;
		};
		E59393542AAD516800DA6AD5 /* Debug */ = {
			isa = XCBuildConfiguration;
			buildSettings = {
				ALWAYS_EMBED_SWIFT_STANDARD_LIBRARIES = YES;
				BUNDLE_LOADER = "$(TEST_HOST)";
				CODE_SIGN_STYLE = Automatic;
				CURRENT_PROJECT_VERSION = 1;
				GENERATE_INFOPLIST_FILE = YES;
				IPHONEOS_DEPLOYMENT_TARGET = 16.4;
				MACOSX_DEPLOYMENT_TARGET = 13.3;
				MARKETING_VERSION = 1.0;
				PRODUCT_BUNDLE_IDENTIFIER = Lagu.GroceryGuardTests;
				PRODUCT_NAME = "$(TARGET_NAME)";
				SDKROOT = auto;
				SUPPORTED_PLATFORMS = "iphoneos iphonesimulator macosx";
				SWIFT_EMIT_LOC_STRINGS = NO;
				SWIFT_VERSION = 5.0;
				TARGETED_DEVICE_FAMILY = "1,2";
				TEST_HOST = "$(BUILT_PRODUCTS_DIR)/GroceryGuard.app/$(BUNDLE_EXECUTABLE_FOLDER_PATH)/GroceryGuard";
			};
			name = Debug;
		};
		E59393552AAD516800DA6AD5 /* Release */ = {
			isa = XCBuildConfiguration;
			buildSettings = {
				ALWAYS_EMBED_SWIFT_STANDARD_LIBRARIES = YES;
				BUNDLE_LOADER = "$(TEST_HOST)";
				CODE_SIGN_STYLE = Automatic;
				CURRENT_PROJECT_VERSION = 1;
				GENERATE_INFOPLIST_FILE = YES;
				IPHONEOS_DEPLOYMENT_TARGET = 16.4;
				MACOSX_DEPLOYMENT_TARGET = 13.3;
				MARKETING_VERSION = 1.0;
				PRODUCT_BUNDLE_IDENTIFIER = Lagu.GroceryGuardTests;
				PRODUCT_NAME = "$(TARGET_NAME)";
				SDKROOT = auto;
				SUPPORTED_PLATFORMS = "iphoneos iphonesimulator macosx";
				SWIFT_EMIT_LOC_STRINGS = NO;
				SWIFT_VERSION = 5.0;
				TARGETED_DEVICE_FAMILY = "1,2";
				TEST_HOST = "$(BUILT_PRODUCTS_DIR)/GroceryGuard.app/$(BUNDLE_EXECUTABLE_FOLDER_PATH)/GroceryGuard";
			};
			name = Release;
		};
		E59393572AAD516800DA6AD5 /* Debug */ = {
			isa = XCBuildConfiguration;
			buildSettings = {
				ALWAYS_EMBED_SWIFT_STANDARD_LIBRARIES = YES;
				CODE_SIGN_STYLE = Automatic;
				CURRENT_PROJECT_VERSION = 1;
				GENERATE_INFOPLIST_FILE = YES;
				IPHONEOS_DEPLOYMENT_TARGET = 16.4;
				MACOSX_DEPLOYMENT_TARGET = 13.3;
				MARKETING_VERSION = 1.0;
				PRODUCT_BUNDLE_IDENTIFIER = Lagu.GroceryGuardUITests;
				PRODUCT_NAME = "$(TARGET_NAME)";
				SDKROOT = auto;
				SUPPORTED_PLATFORMS = "iphoneos iphonesimulator macosx";
				SWIFT_EMIT_LOC_STRINGS = NO;
				SWIFT_VERSION = 5.0;
				TARGETED_DEVICE_FAMILY = "1,2";
				TEST_TARGET_NAME = GroceryGuard;
			};
			name = Debug;
		};
		E59393582AAD516800DA6AD5 /* Release */ = {
			isa = XCBuildConfiguration;
			buildSettings = {
				ALWAYS_EMBED_SWIFT_STANDARD_LIBRARIES = YES;
				CODE_SIGN_STYLE = Automatic;
				CURRENT_PROJECT_VERSION = 1;
				GENERATE_INFOPLIST_FILE = YES;
				IPHONEOS_DEPLOYMENT_TARGET = 16.4;
				MACOSX_DEPLOYMENT_TARGET = 13.3;
				MARKETING_VERSION = 1.0;
				PRODUCT_BUNDLE_IDENTIFIER = Lagu.GroceryGuardUITests;
				PRODUCT_NAME = "$(TARGET_NAME)";
				SDKROOT = auto;
				SUPPORTED_PLATFORMS = "iphoneos iphonesimulator macosx";
				SWIFT_EMIT_LOC_STRINGS = NO;
				SWIFT_VERSION = 5.0;
				TARGETED_DEVICE_FAMILY = "1,2";
				TEST_TARGET_NAME = GroceryGuard;
			};
			name = Release;
		};
/* End XCBuildConfiguration section */

/* Begin XCConfigurationList section */
		E59393262AAD516700DA6AD5 /* Build configuration list for PBXProject "GroceryGuard" */ = {
			isa = XCConfigurationList;
			buildConfigurations = (
				E593934E2AAD516800DA6AD5 /* Debug */,
				E593934F2AAD516800DA6AD5 /* Release */,
			);
			defaultConfigurationIsVisible = 0;
			defaultConfigurationName = Release;
		};
		E59393502AAD516800DA6AD5 /* Build configuration list for PBXNativeTarget "GroceryGuard" */ = {
			isa = XCConfigurationList;
			buildConfigurations = (
				E59393512AAD516800DA6AD5 /* Debug */,
				E59393522AAD516800DA6AD5 /* Release */,
			);
			defaultConfigurationIsVisible = 0;
			defaultConfigurationName = Release;
		};
		E59393532AAD516800DA6AD5 /* Build configuration list for PBXNativeTarget "GroceryGuardTests" */ = {
			isa = XCConfigurationList;
			buildConfigurations = (
				E59393542AAD516800DA6AD5 /* Debug */,
				E59393552AAD516800DA6AD5 /* Release */,
			);
			defaultConfigurationIsVisible = 0;
			defaultConfigurationName = Release;
		};
		E59393562AAD516800DA6AD5 /* Build configuration list for PBXNativeTarget "GroceryGuardUITests" */ = {
			isa = XCConfigurationList;
			buildConfigurations = (
				E59393572AAD516800DA6AD5 /* Debug */,
				E59393582AAD516800DA6AD5 /* Release */,
			);
			defaultConfigurationIsVisible = 0;
			defaultConfigurationName = Release;
		};
/* End XCConfigurationList section */
	};
	rootObject = E59393232AAD516700DA6AD5 /* Project object */;
}
